{
  "requires": true,
  "lockfileVersion": 1,
  "dependencies": {
    "gitfolio": {
      "version": "file:../Itron/gitfolio",
      "requires": {
        "bluebird": "^3.5.4",
        "commander": "^2.20.0",
        "express": "^4.17.0",
        "github-emoji": "^1.1.0",
        "got": "^9.6.0",
        "handlebars": "^4.1.2",
        "jsdom": "^15.1.0",
        "ncp": "^2.0.0"
      }
    }
  }
}
